// !$*UTF8*$!
{
	archiveVersion = 1;
	classes = {
	};
	objectVersion = 50;
	objects = {

/* Begin PBXBuildFile section */
		0403BF0A24C8117600BE5EBB /* WaveUIView.swift in Sources */ = {isa = PBXBuildFile; fileRef = 0403BF0924C8117600BE5EBB /* WaveUIView.swift */; };
		043F729524CC3E7400A56E17 /* ColorPicker_Intro.swift in Sources */ = {isa = PBXBuildFile; fileRef = 043F729424CC3E7400A56E17 /* ColorPicker_Intro.swift */; };
		044233AB24EA2B7200479BAD /* stringInterpolation.swift in Sources */ = {isa = PBXBuildFile; fileRef = 044233AA24EA2B7200479BAD /* stringInterpolation.swift */; };
		044233AD24EB997500479BAD /* whileloop.swift in Sources */ = {isa = PBXBuildFile; fileRef = 044233AC24EB997500479BAD /* whileloop.swift */; };
		0452A09124E4267C00F79C40 /* generics2.swift in Sources */ = {isa = PBXBuildFile; fileRef = 0452A09024E4267C00F79C40 /* generics2.swift */; };
		0452A09424E4CE9F00F79C40 /* generics3.swift in Sources */ = {isa = PBXBuildFile; fileRef = 0452A09324E4CE9F00F79C40 /* generics3.swift */; };
		0452A09624E6111400F79C40 /* optional.swift in Sources */ = {isa = PBXBuildFile; fileRef = 0452A09524E6111400F79C40 /* optional.swift */; };
		045F431024C6562E00307046 /* AppDelegate.swift in Sources */ = {isa = PBXBuildFile; fileRef = 045F430F24C6562E00307046 /* AppDelegate.swift */; };
		045F431224C6562E00307046 /* SceneDelegate.swift in Sources */ = {isa = PBXBuildFile; fileRef = 045F431124C6562E00307046 /* SceneDelegate.swift */; };
		045F431424C6562E00307046 /* ContentView.swift in Sources */ = {isa = PBXBuildFile; fileRef = 045F431324C6562E00307046 /* ContentView.swift */; };
		045F431624C6562E00307046 /* Assets.xcassets in Resources */ = {isa = PBXBuildFile; fileRef = 045F431524C6562E00307046 /* Assets.xcassets */; };
		045F431924C6562E00307046 /* Preview Assets.xcassets in Resources */ = {isa = PBXBuildFile; fileRef = 045F431824C6562E00307046 /* Preview Assets.xcassets */; };
		045F431C24C6562E00307046 /* LaunchScreen.storyboard in Resources */ = {isa = PBXBuildFile; fileRef = 045F431A24C6562E00307046 /* LaunchScreen.storyboard */; };
		048DCAD824CFA43200B9E43F /* StackStruct.swift in Sources */ = {isa = PBXBuildFile; fileRef = 048DCAD724CFA43200B9E43F /* StackStruct.swift */; };
		048DCADF24CFAF2400B9E43F /* StruckIndex.swift in Sources */ = {isa = PBXBuildFile; fileRef = 048DCADE24CFAF2400B9E43F /* StruckIndex.swift */; };
		04A92C8F24D04B57006D0B9F /* LinkedListPractice.swift in Sources */ = {isa = PBXBuildFile; fileRef = 04A92C8E24D04B57006D0B9F /* LinkedListPractice.swift */; };
		04C7929A24C91465006A4B3F /* RemoteImage.swift in Sources */ = {isa = PBXBuildFile; fileRef = 04C7929924C91465006A4B3F /* RemoteImage.swift */; };
		04C7929C24C9150C006A4B3F /* AccessViewController.swift in Sources */ = {isa = PBXBuildFile; fileRef = 04C7929B24C9150C006A4B3F /* AccessViewController.swift */; };
		04E78ADE24E2211E00111D56 /* SortedArray.swift in Sources */ = {isa = PBXBuildFile; fileRef = 04E78ADD24E2211E00111D56 /* SortedArray.swift */; };
		04E9037224E412100010259A /* generics.swift in Sources */ = {isa = PBXBuildFile; fileRef = 04E9037124E412100010259A /* generics.swift */; };
		04E9037424E415870010259A /* generalProtocol.swift in Sources */ = {isa = PBXBuildFile; fileRef = 04E9037324E415870010259A /* generalProtocol.swift */; };
		04FFEBCB24FD9C0E00AE0AFF /* ultimateBoxType.swift in Sources */ = {isa = PBXBuildFile; fileRef = 04FFEBCA24FD9C0E00AE0AFF /* ultimateBoxType.swift */; };
/* End PBXBuildFile section */

/* Begin PBXFileReference section */
		0403BF0924C8117600BE5EBB /* WaveUIView.swift */ = {isa = PBXFileReference; lastKnownFileType = sourcecode.swift; path = WaveUIView.swift; sourceTree = "<group>"; };
		043F729424CC3E7400A56E17 /* ColorPicker_Intro.swift */ = {isa = PBXFileReference; lastKnownFileType = sourcecode.swift; path = ColorPicker_Intro.swift; sourceTree = "<group>"; };
		04418B2924E41EFE00DCA687 /* swiftUI102.entitlements */ = {isa = PBXFileReference; lastKnownFileType = text.plist.entitlements; path = swiftUI102.entitlements; sourceTree = "<group>"; };
		044233AA24EA2B7200479BAD /* stringInterpolation.swift */ = {isa = PBXFileReference; lastKnownFileType = sourcecode.swift; path = stringInterpolation.swift; sourceTree = "<group>"; };
		044233AC24EB997500479BAD /* whileloop.swift */ = {isa = PBXFileReference; lastKnownFileType = sourcecode.swift; path = whileloop.swift; sourceTree = "<group>"; };
		0452A09024E4267C00F79C40 /* generics2.swift */ = {isa = PBXFileReference; lastKnownFileType = sourcecode.swift; path = generics2.swift; sourceTree = "<group>"; };
		0452A09324E4CE9F00F79C40 /* generics3.swift */ = {isa = PBXFileReference; lastKnownFileType = sourcecode.swift; path = generics3.swift; sourceTree = "<group>"; };
		0452A09524E6111400F79C40 /* optional.swift */ = {isa = PBXFileReference; lastKnownFileType = sourcecode.swift; path = optional.swift; sourceTree = "<group>"; };
		045F430C24C6562E00307046 /* swiftUI102.app */ = {isa = PBXFileReference; explicitFileType = wrapper.application; includeInIndex = 0; path = swiftUI102.app; sourceTree = BUILT_PRODUCTS_DIR; };
		045F430F24C6562E00307046 /* AppDelegate.swift */ = {isa = PBXFileReference; lastKnownFileType = sourcecode.swift; path = AppDelegate.swift; sourceTree = "<group>"; };
		045F431124C6562E00307046 /* SceneDelegate.swift */ = {isa = PBXFileReference; lastKnownFileType = sourcecode.swift; path = SceneDelegate.swift; sourceTree = "<group>"; };
		045F431324C6562E00307046 /* ContentView.swift */ = {isa = PBXFileReference; lastKnownFileType = sourcecode.swift; path = ContentView.swift; sourceTree = "<group>"; };
		045F431524C6562E00307046 /* Assets.xcassets */ = {isa = PBXFileReference; lastKnownFileType = folder.assetcatalog; path = Assets.xcassets; sourceTree = "<group>"; };
		045F431824C6562E00307046 /* Preview Assets.xcassets */ = {isa = PBXFileReference; lastKnownFileType = folder.assetcatalog; path = "Preview Assets.xcassets"; sourceTree = "<group>"; };
		045F431B24C6562E00307046 /* Base */ = {isa = PBXFileReference; lastKnownFileType = file.storyboard; name = Base; path = Base.lproj/LaunchScreen.storyboard; sourceTree = "<group>"; };
		045F431D24C6562E00307046 /* Info.plist */ = {isa = PBXFileReference; lastKnownFileType = text.plist.xml; path = Info.plist; sourceTree = "<group>"; };
		048DCAD724CFA43200B9E43F /* StackStruct.swift */ = {isa = PBXFileReference; lastKnownFileType = sourcecode.swift; path = StackStruct.swift; sourceTree = "<group>"; };
		048DCADE24CFAF2400B9E43F /* StruckIndex.swift */ = {isa = PBXFileReference; lastKnownFileType = sourcecode.swift; path = StruckIndex.swift; sourceTree = "<group>"; };
		04A92C8E24D04B57006D0B9F /* LinkedListPractice.swift */ = {isa = PBXFileReference; lastKnownFileType = sourcecode.swift; path = LinkedListPractice.swift; sourceTree = "<group>"; };
		04C7929924C91465006A4B3F /* RemoteImage.swift */ = {isa = PBXFileReference; lastKnownFileType = sourcecode.swift; path = RemoteImage.swift; sourceTree = "<group>"; };
		04C7929B24C9150C006A4B3F /* AccessViewController.swift */ = {isa = PBXFileReference; lastKnownFileType = sourcecode.swift; path = AccessViewController.swift; sourceTree = "<group>"; };
		04E78ADD24E2211E00111D56 /* SortedArray.swift */ = {isa = PBXFileReference; lastKnownFileType = sourcecode.swift; path = SortedArray.swift; sourceTree = "<group>"; };
		04E9037124E412100010259A /* generics.swift */ = {isa = PBXFileReference; lastKnownFileType = sourcecode.swift; path = generics.swift; sourceTree = "<group>"; };
		04E9037324E415870010259A /* generalProtocol.swift */ = {isa = PBXFileReference; lastKnownFileType = sourcecode.swift; path = generalProtocol.swift; sourceTree = "<group>"; };
		04FFEBC824FD915800AE0AFF /* MyPlayground.playground */ = {isa = PBXFileReference; lastKnownFileType = file.playground; path = MyPlayground.playground; sourceTree = "<group>"; xcLanguageSpecificationIdentifier = xcode.lang.swift; };
		04FFEBCA24FD9C0E00AE0AFF /* ultimateBoxType.swift */ = {isa = PBXFileReference; lastKnownFileType = sourcecode.swift; path = ultimateBoxType.swift; sourceTree = "<group>"; };
/* End PBXFileReference section */

/* Begin PBXFrameworksBuildPhase section */
		045F430924C6562E00307046 /* Frameworks */ = {
			isa = PBXFrameworksBuildPhase;
			buildActionMask = 2147483647;
			files = (
			);
			runOnlyForDeploymentPostprocessing = 0;
		};
/* End PBXFrameworksBuildPhase section */

/* Begin PBXGroup section */
		045F430324C6562E00307046 = {
			isa = PBXGroup;
			children = (
				04FFEBC824FD915800AE0AFF /* MyPlayground.playground */,
				045F430E24C6562E00307046 /* swiftUI102 */,
				045F430D24C6562E00307046 /* Products */,
			);
			sourceTree = "<group>";
		};
		045F430D24C6562E00307046 /* Products */ = {
			isa = PBXGroup;
			children = (
				045F430C24C6562E00307046 /* swiftUI102.app */,
			);
			name = Products;
			sourceTree = "<group>";
		};
		045F430E24C6562E00307046 /* swiftUI102 */ = {
			isa = PBXGroup;
			children = (
				04FFEBC924FD9BEA00AE0AFF /* New Group */,
				04418B2924E41EFE00DCA687 /* swiftUI102.entitlements */,
				04E9037024E411F00010259A /* Advanced */,
				048DCAD924CFAEA300B9E43F /* DataStruck */,
				045F430F24C6562E00307046 /* AppDelegate.swift */,
				045F431124C6562E00307046 /* SceneDelegate.swift */,
				04C7929924C91465006A4B3F /* RemoteImage.swift */,
				04C7929B24C9150C006A4B3F /* AccessViewController.swift */,
				045F431324C6562E00307046 /* ContentView.swift */,
				0403BF0924C8117600BE5EBB /* WaveUIView.swift */,
				045F431524C6562E00307046 /* Assets.xcassets */,
				045F431A24C6562E00307046 /* LaunchScreen.storyboard */,
				045F431D24C6562E00307046 /* Info.plist */,
				045F431724C6562E00307046 /* Preview Content */,
				043F729424CC3E7400A56E17 /* ColorPicker_Intro.swift */,
			);
			path = swiftUI102;
			sourceTree = "<group>";
		};
		045F431724C6562E00307046 /* Preview Content */ = {
			isa = PBXGroup;
			children = (
				045F431824C6562E00307046 /* Preview Assets.xcassets */,
			);
			path = "Preview Content";
			sourceTree = "<group>";
		};
		048DCAD924CFAEA300B9E43F /* DataStruck */ = {
			isa = PBXGroup;
			children = (
				048DCADE24CFAF2400B9E43F /* StruckIndex.swift */,
				048DCAD724CFA43200B9E43F /* StackStruct.swift */,
				04A92C8E24D04B57006D0B9F /* LinkedListPractice.swift */,
				04E78ADD24E2211E00111D56 /* SortedArray.swift */,
			);
			path = DataStruck;
			sourceTree = "<group>";
		};
		04E9037024E411F00010259A /* Advanced */ = {
			isa = PBXGroup;
			children = (
				04E9037124E412100010259A /* generics.swift */,
				04E9037324E415870010259A /* generalProtocol.swift */,
				0452A09024E4267C00F79C40 /* generics2.swift */,
				0452A09324E4CE9F00F79C40 /* generics3.swift */,
				0452A09524E6111400F79C40 /* optional.swift */,
				044233AA24EA2B7200479BAD /* stringInterpolation.swift */,
				044233AC24EB997500479BAD /* whileloop.swift */,
				04FFEBCA24FD9C0E00AE0AFF /* ultimateBoxType.swift */,
			);
			path = Advanced;
			sourceTree = "<group>";
		};
		04FFEBC924FD9BEA00AE0AFF /* New Group */ = {
			isa = PBXGroup;
			children = (
			);
			path = "New Group";
			sourceTree = "<group>";
		};
/* End PBXGroup section */

/* Begin PBXNativeTarget section */
		045F430B24C6562E00307046 /* swiftUI102 */ = {
			isa = PBXNativeTarget;
			buildConfigurationList = 045F432024C6562E00307046 /* Build configuration list for PBXNativeTarget "swiftUI102" */;
			buildPhases = (
				045F430824C6562E00307046 /* Sources */,
				045F430924C6562E00307046 /* Frameworks */,
				045F430A24C6562E00307046 /* Resources */,
			);
			buildRules = (
			);
			dependencies = (
			);
			name = swiftUI102;
			productName = swiftUI102;
			productReference = 045F430C24C6562E00307046 /* swiftUI102.app */;
			productType = "com.apple.product-type.application";
		};
/* End PBXNativeTarget section */

/* Begin PBXProject section */
		045F430424C6562E00307046 /* Project object */ = {
			isa = PBXProject;
			attributes = {
				LastSwiftUpdateCheck = 1160;
				LastUpgradeCheck = 1200;
				ORGANIZATIONNAME = "Qian Meng";
				TargetAttributes = {
					045F430B24C6562E00307046 = {
						CreatedOnToolsVersion = 11.6;
					};
				};
			};
			buildConfigurationList = 045F430724C6562E00307046 /* Build configuration list for PBXProject "swiftUI102" */;
			compatibilityVersion = "Xcode 9.3";
			developmentRegion = en;
			hasScannedForEncodings = 0;
			knownRegions = (
				en,
				Base,
			);
			mainGroup = 045F430324C6562E00307046;
			productRefGroup = 045F430D24C6562E00307046 /* Products */;
			projectDirPath = "";
			projectRoot = "";
			targets = (
				045F430B24C6562E00307046 /* swiftUI102 */,
			);
		};
/* End PBXProject section */

/* Begin PBXResourcesBuildPhase section */
		045F430A24C6562E00307046 /* Resources */ = {
			isa = PBXResourcesBuildPhase;
			buildActionMask = 2147483647;
			files = (
				045F431C24C6562E00307046 /* LaunchScreen.storyboard in Resources */,
				045F431924C6562E00307046 /* Preview Assets.xcassets in Resources */,
				045F431624C6562E00307046 /* Assets.xcassets in Resources */,
			);
			runOnlyForDeploymentPostprocessing = 0;
		};
/* End PBXResourcesBuildPhase section */

/* Begin PBXSourcesBuildPhase section */
		045F430824C6562E00307046 /* Sources */ = {
			isa = PBXSourcesBuildPhase;
			buildActionMask = 2147483647;
			files = (
				04C7929C24C9150C006A4B3F /* AccessViewController.swift in Sources */,
				0452A09424E4CE9F00F79C40 /* generics3.swift in Sources */,
				04E9037424E415870010259A /* generalProtocol.swift in Sources */,
				04E78ADE24E2211E00111D56 /* SortedArray.swift in Sources */,
				04A92C8F24D04B57006D0B9F /* LinkedListPractice.swift in Sources */,
				043F729524CC3E7400A56E17 /* ColorPicker_Intro.swift in Sources */,
				045F431024C6562E00307046 /* AppDelegate.swift in Sources */,
				0452A09124E4267C00F79C40 /* generics2.swift in Sources */,
				04E9037224E412100010259A /* generics.swift in Sources */,
				044233AB24EA2B7200479BAD /* stringInterpolation.swift in Sources */,
				045F431224C6562E00307046 /* SceneDelegate.swift in Sources */,
				048DCADF24CFAF2400B9E43F /* StruckIndex.swift in Sources */,
				04C7929A24C91465006A4B3F /* RemoteImage.swift in Sources */,
				045F431424C6562E00307046 /* ContentView.swift in Sources */,
				04FFEBCB24FD9C0E00AE0AFF /* ultimateBoxType.swift in Sources */,
				0403BF0A24C8117600BE5EBB /* WaveUIView.swift in Sources */,
				044233AD24EB997500479BAD /* whileloop.swift in Sources */,
				048DCAD824CFA43200B9E43F /* StackStruct.swift in Sources */,
				0452A09624E6111400F79C40 /* optional.swift in Sources */,
			);
			runOnlyForDeploymentPostprocessing = 0;
		};
/* End PBXSourcesBuildPhase section */

/* Begin PBXVariantGroup section */
		045F431A24C6562E00307046 /* LaunchScreen.storyboard */ = {
			isa = PBXVariantGroup;
			children = (
				045F431B24C6562E00307046 /* Base */,
			);
			name = LaunchScreen.storyboard;
			sourceTree = "<group>";
		};
/* End PBXVariantGroup section */

/* Begin XCBuildConfiguration section */
		045F431E24C6562E00307046 /* Debug */ = {
			isa = XCBuildConfiguration;
			buildSettings = {
				ALWAYS_SEARCH_USER_PATHS = NO;
				CLANG_ANALYZER_NONNULL = YES;
				CLANG_ANALYZER_NUMBER_OBJECT_CONVERSION = YES_AGGRESSIVE;
				CLANG_CXX_LANGUAGE_STANDARD = "gnu++14";
				CLANG_CXX_LIBRARY = "libc++";
				CLANG_ENABLE_MODULES = YES;
				CLANG_ENABLE_OBJC_ARC = YES;
				CLANG_ENABLE_OBJC_WEAK = YES;
				CLANG_WARN_BLOCK_CAPTURE_AUTORELEASING = YES;
				CLANG_WARN_BOOL_CONVERSION = YES;
				CLANG_WARN_COMMA = YES;
				CLANG_WARN_CONSTANT_CONVERSION = YES;
				CLANG_WARN_DEPRECATED_OBJC_IMPLEMENTATIONS = YES;
				CLANG_WARN_DIRECT_OBJC_ISA_USAGE = YES_ERROR;
				CLANG_WARN_DOCUMENTATION_COMMENTS = YES;
				CLANG_WARN_EMPTY_BODY = YES;
				CLANG_WARN_ENUM_CONVERSION = YES;
				CLANG_WARN_INFINITE_RECURSION = YES;
				CLANG_WARN_INT_CONVERSION = YES;
				CLANG_WARN_NON_LITERAL_NULL_CONVERSION = YES;
				CLANG_WARN_OBJC_IMPLICIT_RETAIN_SELF = YES;
				CLANG_WARN_OBJC_LITERAL_CONVERSION = YES;
				CLANG_WARN_OBJC_ROOT_CLASS = YES_ERROR;
				CLANG_WARN_QUOTED_INCLUDE_IN_FRAMEWORK_HEADER = YES;
				CLANG_WARN_RANGE_LOOP_ANALYSIS = YES;
				CLANG_WARN_STRICT_PROTOTYPES = YES;
				CLANG_WARN_SUSPICIOUS_MOVE = YES;
				CLANG_WARN_UNGUARDED_AVAILABILITY = YES_AGGRESSIVE;
				CLANG_WARN_UNREACHABLE_CODE = YES;
				CLANG_WARN__DUPLICATE_METHOD_MATCH = YES;
				COPY_PHASE_STRIP = NO;
				DEBUG_INFORMATION_FORMAT = dwarf;
				ENABLE_STRICT_OBJC_MSGSEND = YES;
				ENABLE_TESTABILITY = YES;
				GCC_C_LANGUAGE_STANDARD = gnu11;
				GCC_DYNAMIC_NO_PIC = NO;
				GCC_NO_COMMON_BLOCKS = YES;
				GCC_OPTIMIZATION_LEVEL = 0;
				GCC_PREPROCESSOR_DEFINITIONS = (
					"DEBUG=1",
					"$(inherited)",
				);
				GCC_WARN_64_TO_32_BIT_CONVERSION = YES;
				GCC_WARN_ABOUT_RETURN_TYPE = YES_ERROR;
				GCC_WARN_UNDECLARED_SELECTOR = YES;
				GCC_WARN_UNINITIALIZED_AUTOS = YES_AGGRESSIVE;
				GCC_WARN_UNUSED_FUNCTION = YES;
				GCC_WARN_UNUSED_VARIABLE = YES;
				IPHONEOS_DEPLOYMENT_TARGET = 14.0;
				MTL_ENABLE_DEBUG_INFO = INCLUDE_SOURCE;
				MTL_FAST_MATH = YES;
				ONLY_ACTIVE_ARCH = YES;
				SDKROOT = iphoneos;
				SWIFT_ACTIVE_COMPILATION_CONDITIONS = DEBUG;
				SWIFT_OPTIMIZATION_LEVEL = "-Onone";
			};
			name = Debug;
		};
		045F431F24C6562E00307046 /* Release */ = {
			isa = XCBuildConfiguration;
			buildSettings = {
				ALWAYS_SEARCH_USER_PATHS = NO;
				CLANG_ANALYZER_NONNULL = YES;
				CLANG_ANALYZER_NUMBER_OBJECT_CONVERSION = YES_AGGRESSIVE;
				CLANG_CXX_LANGUAGE_STANDARD = "gnu++14";
				CLANG_CXX_LIBRARY = "libc++";
				CLANG_ENABLE_MODULES = YES;
				CLANG_ENABLE_OBJC_ARC = YES;
				CLANG_ENABLE_OBJC_WEAK = YES;
				CLANG_WARN_BLOCK_CAPTURE_AUTORELEASING = YES;
				CLANG_WARN_BOOL_CONVERSION = YES;
				CLANG_WARN_COMMA = YES;
				CLANG_WARN_CONSTANT_CONVERSION = YES;
				CLANG_WARN_DEPRECATED_OBJC_IMPLEMENTATIONS = YES;
				CLANG_WARN_DIRECT_OBJC_ISA_USAGE = YES_ERROR;
				CLANG_WARN_DOCUMENTATION_COMMENTS = YES;
				CLANG_WARN_EMPTY_BODY = YES;
				CLANG_WARN_ENUM_CONVERSION = YES;
				CLANG_WARN_INFINITE_RECURSION = YES;
				CLANG_WARN_INT_CONVERSION = YES;
				CLANG_WARN_NON_LITERAL_NULL_CONVERSION = YES;
				CLANG_WARN_OBJC_IMPLICIT_RETAIN_SELF = YES;
				CLANG_WARN_OBJC_LITERAL_CONVERSION = YES;
				CLANG_WARN_OBJC_ROOT_CLASS = YES_ERROR;
				CLANG_WARN_QUOTED_INCLUDE_IN_FRAMEWORK_HEADER = YES;
				CLANG_WARN_RANGE_LOOP_ANALYSIS = YES;
				CLANG_WARN_STRICT_PROTOTYPES = YES;
				CLANG_WARN_SUSPICIOUS_MOVE = YES;
				CLANG_WARN_UNGUARDED_AVAILABILITY = YES_AGGRESSIVE;
				CLANG_WARN_UNREACHABLE_CODE = YES;
				CLANG_WARN__DUPLICATE_METHOD_MATCH = YES;
				COPY_PHASE_STRIP = NO;
				DEBUG_INFORMATION_FORMAT = "dwarf-with-dsym";
				ENABLE_NS_ASSERTIONS = NO;
				ENABLE_STRICT_OBJC_MSGSEND = YES;
				GCC_C_LANGUAGE_STANDARD = gnu11;
				GCC_NO_COMMON_BLOCKS = YES;
				GCC_WARN_64_TO_32_BIT_CONVERSION = YES;
				GCC_WARN_ABOUT_RETURN_TYPE = YES_ERROR;
				GCC_WARN_UNDECLARED_SELECTOR = YES;
				GCC_WARN_UNINITIALIZED_AUTOS = YES_AGGRESSIVE;
				GCC_WARN_UNUSED_FUNCTION = YES;
				GCC_WARN_UNUSED_VARIABLE = YES;
				IPHONEOS_DEPLOYMENT_TARGET = 14.0;
				MTL_ENABLE_DEBUG_INFO = NO;
				MTL_FAST_MATH = YES;
				SDKROOT = iphoneos;
				SWIFT_COMPILATION_MODE = wholemodule;
				SWIFT_OPTIMIZATION_LEVEL = "-O";
				VALIDATE_PRODUCT = YES;
			};
			name = Release;
		};
		045F432124C6562E00307046 /* Debug */ = {
			isa = XCBuildConfiguration;
			buildSettings = {
				ASSETCATALOG_COMPILER_APPICON_NAME = AppIcon;
				CODE_SIGN_ENTITLEMENTS = swiftUI102/swiftUI102.entitlements;
				CODE_SIGN_STYLE = Automatic;
				DEVELOPMENT_ASSET_PATHS = "\"swiftUI102/Preview Content\"";
				DEVELOPMENT_TEAM = PYA7HDDS6Y;
				ENABLE_PREVIEWS = YES;
				INFOPLIST_FILE = swiftUI102/Info.plist;
				IPHONEOS_DEPLOYMENT_TARGET = 14.0;
				LD_RUNPATH_SEARCH_PATHS = (
					"$(inherited)",
					"@executable_path/Frameworks",
				);
				PRODUCT_BUNDLE_IDENTIFIER = com.thinktube.swiftUI102;
				PRODUCT_NAME = "$(TARGET_NAME)";
				SUPPORTS_MACCATALYST = NO;
				SWIFT_VERSION = 5.0;
				TARGETED_DEVICE_FAMILY = "1,2";
			};
			name = Debug;
		};
		045F432224C6562E00307046 /* Release */ = {
			isa = XCBuildConfiguration;
			buildSettings = {
				ASSETCATALOG_COMPILER_APPICON_NAME = AppIcon;
				CODE_SIGN_ENTITLEMENTS = swiftUI102/swiftUI102.entitlements;
				CODE_SIGN_STYLE = Automatic;
				DEVELOPMENT_ASSET_PATHS = "\"swiftUI102/Preview Content\"";
				DEVELOPMENT_TEAM = PYA7HDDS6Y;
				ENABLE_PREVIEWS = YES;
				INFOPLIST_FILE = swiftUI102/Info.plist;
				IPHONEOS_DEPLOYMENT_TARGET = 14.0;
				LD_RUNPATH_SEARCH_PATHS = (
					"$(inherited)",
					"@executable_path/Frameworks",
				);
				PRODUCT_BUNDLE_IDENTIFIER = com.thinktube.swiftUI102;
				PRODUCT_NAME = "$(TARGET_NAME)";
				SUPPORTS_MACCATALYST = NO;
				SWIFT_VERSION = 5.0;
				TARGETED_DEVICE_FAMILY = "1,2";
			};
			name = Release;
		};
/* End XCBuildConfiguration section */

/* Begin XCConfigurationList section */
		045F430724C6562E00307046 /* Build configuration list for PBXProject "swiftUI102" */ = {
			isa = XCConfigurationList;
			buildConfigurations = (
				045F431E24C6562E00307046 /* Debug */,
				045F431F24C6562E00307046 /* Release */,
			);
			defaultConfigurationIsVisible = 0;
			defaultConfigurationName = Release;
		};
		045F432024C6562E00307046 /* Build configuration list for PBXNativeTarget "swiftUI102" */ = {
			isa = XCConfigurationList;
			buildConfigurations = (
				045F432124C6562E00307046 /* Debug */,
				045F432224C6562E00307046 /* Release */,
			);
			defaultConfigurationIsVisible = 0;
			defaultConfigurationName = Release;
		};
/* End XCConfigurationList section */
	};
	rootObject = 045F430424C6562E00307046 /* Project object */;
}
